// !$*UTF8*$!
{
	archiveVersion = 1;
	classes = {
	};
	objectVersion = 46;
	objects = {

/* Begin PBXBuildFile section */
		3428D8D21C6CDB5D00697635 /* CoreBluetooth.framework in Frameworks */ = {isa = PBXBuildFile; fileRef = 3428D8D11C6CDB5D00697635 /* CoreBluetooth.framework */; };
		343991E71C6CF3C300BAA72A /* BookmarkedController.swift in Sources */ = {isa = PBXBuildFile; fileRef = 343991E61C6CF3C300BAA72A /* BookmarkedController.swift */; };
		343991EB1C6CFAD000BAA72A /* Bookmark-add-32x32.png in Resources */ = {isa = PBXBuildFile; fileRef = 343991EA1C6CFAD000BAA72A /* Bookmark-add-32x32.png */; };
		343991ED1C6CFCBE00BAA72A /* Navigation-30x30.png in Resources */ = {isa = PBXBuildFile; fileRef = 343991EC1C6CFCBE00BAA72A /* Navigation-30x30.png */; };
		343991F11C6D00F000BAA72A /* Help30x30.png in Resources */ = {isa = PBXBuildFile; fileRef = 343991F01C6D00F000BAA72A /* Help30x30.png */; };
		343CD6E31CAC304D007EB023 /* Settings30x30.png in Resources */ = {isa = PBXBuildFile; fileRef = 343CD6E21CAC304D007EB023 /* Settings30x30.png */; };
		344F890C1C4DD6ED0099F7AD /* RecentLocController.swift in Sources */ = {isa = PBXBuildFile; fileRef = 344F890B1C4DD6ED0099F7AD /* RecentLocController.swift */; };
		34CE95181CE2D156001A35D7 /* SettingsController.swift in Sources */ = {isa = PBXBuildFile; fileRef = 34CE95171CE2D156001A35D7 /* SettingsController.swift */; };
		34CE951A1CE38A79001A35D7 /* AddItemViewController.swift in Sources */ = {isa = PBXBuildFile; fileRef = 34CE95191CE38A79001A35D7 /* AddItemViewController.swift */; };
		34CE951C1CE38CE8001A35D7 /* Item.swift in Sources */ = {isa = PBXBuildFile; fileRef = 34CE951B1CE38CE8001A35D7 /* Item.swift */; };
		34CE951E1CE397C9001A35D7 /* ItemsViewController.swift in Sources */ = {isa = PBXBuildFile; fileRef = 34CE951D1CE397C9001A35D7 /* ItemsViewController.swift */; };
		34CE95201CE397F7001A35D7 /* ItemCell.swift in Sources */ = {isa = PBXBuildFile; fileRef = 34CE951F1CE397F7001A35D7 /* ItemCell.swift */; };
		34CE95221CE39829001A35D7 /* Foundation.framework in Frameworks */ = {isa = PBXBuildFile; fileRef = 34CE95211CE39829001A35D7 /* Foundation.framework */; };
		34CE95241CE39831001A35D7 /* UIKit.framework in Frameworks */ = {isa = PBXBuildFile; fileRef = 34CE95231CE39831001A35D7 /* UIKit.framework */; };
		34CE95261CE3983E001A35D7 /* CoreGraphics.framework in Frameworks */ = {isa = PBXBuildFile; fileRef = 34CE95251CE3983E001A35D7 /* CoreGraphics.framework */; };
		34D3CB371CAC08DF00048325 /* AddList30x30.png in Resources */ = {isa = PBXBuildFile; fileRef = 34D3CB361CAC08DF00048325 /* AddList30x30.png */; };
		34DCD50B1C6D25BF00F88E29 /* RenameViewController.swift in Sources */ = {isa = PBXBuildFile; fileRef = 34DCD50A1C6D25BF00F88E29 /* RenameViewController.swift */; };
		34EF73811CE9DA6700417C59 /* LocationAccMultipleChoice.swift in Sources */ = {isa = PBXBuildFile; fileRef = 34EF73801CE9DA6700417C59 /* LocationAccMultipleChoice.swift */; };
		34EF73831CEA323D00417C59 /* bluetooth_logo.png in Resources */ = {isa = PBXBuildFile; fileRef = 34EF73821CEA323D00417C59 /* bluetooth_logo.png */; };
		34F6288B1C48571500393412 /* AppDelegate.swift in Sources */ = {isa = PBXBuildFile; fileRef = 34F6288A1C48571500393412 /* AppDelegate.swift */; };
		34F6288D1C48571500393412 /* MapViewController.swift in Sources */ = {isa = PBXBuildFile; fileRef = 34F6288C1C48571500393412 /* MapViewController.swift */; };
		34F628901C48571500393412 /* Main.storyboard in Resources */ = {isa = PBXBuildFile; fileRef = 34F6288E1C48571500393412 /* Main.storyboard */; };
		34F628921C48571500393412 /* Assets.xcassets in Resources */ = {isa = PBXBuildFile; fileRef = 34F628911C48571500393412 /* Assets.xcassets */; };
		34F628951C48571500393412 /* LaunchScreen.storyboard in Resources */ = {isa = PBXBuildFile; fileRef = 34F628931C48571500393412 /* LaunchScreen.storyboard */; };
		34F6289D1C485B0E00393412 /* CoreLocation.framework in Frameworks */ = {isa = PBXBuildFile; fileRef = 34F6289C1C485B0D00393412 /* CoreLocation.framework */; };
/* End PBXBuildFile section */

/* Begin PBXFileReference section */
		3428D8D11C6CDB5D00697635 /* CoreBluetooth.framework */ = {isa = PBXFileReference; lastKnownFileType = wrapper.framework; name = CoreBluetooth.framework; path = System/Library/Frameworks/CoreBluetooth.framework; sourceTree = SDKROOT; };
		343991E61C6CF3C300BAA72A /* BookmarkedController.swift */ = {isa = PBXFileReference; fileEncoding = 4; lastKnownFileType = sourcecode.swift; path = BookmarkedController.swift; sourceTree = "<group>"; };
		343991EA1C6CFAD000BAA72A /* Bookmark-add-32x32.png */ = {isa = PBXFileReference; lastKnownFileType = image.png; path = "Bookmark-add-32x32.png"; sourceTree = "<group>"; };
		343991EC1C6CFCBE00BAA72A /* Navigation-30x30.png */ = {isa = PBXFileReference; lastKnownFileType = image.png; path = "Navigation-30x30.png"; sourceTree = "<group>"; };
		343991F01C6D00F000BAA72A /* Help30x30.png */ = {isa = PBXFileReference; lastKnownFileType = image.png; path = Help30x30.png; sourceTree = "<group>"; };
		343CD6E21CAC304D007EB023 /* Settings30x30.png */ = {isa = PBXFileReference; lastKnownFileType = image.png; path = Settings30x30.png; sourceTree = "<group>"; };
		344F890B1C4DD6ED0099F7AD /* RecentLocController.swift */ = {isa = PBXFileReference; fileEncoding = 4; lastKnownFileType = sourcecode.swift; path = RecentLocController.swift; sourceTree = "<group>"; };
		34CE95171CE2D156001A35D7 /* SettingsController.swift */ = {isa = PBXFileReference; fileEncoding = 4; lastKnownFileType = sourcecode.swift; path = SettingsController.swift; sourceTree = "<group>"; };
		34CE95191CE38A79001A35D7 /* AddItemViewController.swift */ = {isa = PBXFileReference; fileEncoding = 4; lastKnownFileType = sourcecode.swift; path = AddItemViewController.swift; sourceTree = "<group>"; };
		34CE951B1CE38CE8001A35D7 /* Item.swift */ = {isa = PBXFileReference; fileEncoding = 4; lastKnownFileType = sourcecode.swift; path = Item.swift; sourceTree = "<group>"; };
		34CE951D1CE397C9001A35D7 /* ItemsViewController.swift */ = {isa = PBXFileReference; fileEncoding = 4; lastKnownFileType = sourcecode.swift; path = ItemsViewController.swift; sourceTree = "<group>"; };
		34CE951F1CE397F7001A35D7 /* ItemCell.swift */ = {isa = PBXFileReference; fileEncoding = 4; lastKnownFileType = sourcecode.swift; path = ItemCell.swift; sourceTree = "<group>"; };
		34CE95211CE39829001A35D7 /* Foundation.framework */ = {isa = PBXFileReference; lastKnownFileType = wrapper.framework; name = Foundation.framework; path = System/Library/Frameworks/Foundation.framework; sourceTree = SDKROOT; };
		34CE95231CE39831001A35D7 /* UIKit.framework */ = {isa = PBXFileReference; lastKnownFileType = wrapper.framework; name = UIKit.framework; path = System/Library/Frameworks/UIKit.framework; sourceTree = SDKROOT; };
		34CE95251CE3983E001A35D7 /* CoreGraphics.framework */ = {isa = PBXFileReference; lastKnownFileType = wrapper.framework; name = CoreGraphics.framework; path = System/Library/Frameworks/CoreGraphics.framework; sourceTree = SDKROOT; };
		34D3CB361CAC08DF00048325 /* AddList30x30.png */ = {isa = PBXFileReference; lastKnownFileType = image.png; path = AddList30x30.png; sourceTree = "<group>"; };
		34DCD50A1C6D25BF00F88E29 /* RenameViewController.swift */ = {isa = PBXFileReference; fileEncoding = 4; lastKnownFileType = sourcecode.swift; path = RenameViewController.swift; sourceTree = "<group>"; };
		34EF73801CE9DA6700417C59 /* LocationAccMultipleChoice.swift */ = {isa = PBXFileReference; fileEncoding = 4; lastKnownFileType = sourcecode.swift; path = LocationAccMultipleChoice.swift; sourceTree = "<group>"; };
		34EF73821CEA323D00417C59 /* bluetooth_logo.png */ = {isa = PBXFileReference; lastKnownFileType = image.png; path = bluetooth_logo.png; sourceTree = "<group>"; };
		34F628871C48571500393412 /* Parking Log.app */ = {isa = PBXFileReference; explicitFileType = wrapper.application; includeInIndex = 0; path = "Parking Log.app"; sourceTree = BUILT_PRODUCTS_DIR; };
		34F6288A1C48571500393412 /* AppDelegate.swift */ = {isa = PBXFileReference; lastKnownFileType = sourcecode.swift; path = AppDelegate.swift; sourceTree = "<group>"; };
		34F6288C1C48571500393412 /* MapViewController.swift */ = {isa = PBXFileReference; lastKnownFileType = sourcecode.swift; path = MapViewController.swift; sourceTree = "<group>"; };
		34F6288F1C48571500393412 /* Base */ = {isa = PBXFileReference; lastKnownFileType = file.storyboard; name = Base; path = Base.lproj/Main.storyboard; sourceTree = "<group>"; };
		34F628911C48571500393412 /* Assets.xcassets */ = {isa = PBXFileReference; lastKnownFileType = folder.assetcatalog; path = Assets.xcassets; sourceTree = "<group>"; };
		34F628941C48571500393412 /* Base */ = {isa = PBXFileReference; lastKnownFileType = file.storyboard; name = Base; path = Base.lproj/LaunchScreen.storyboard; sourceTree = "<group>"; };
		34F628961C48571500393412 /* Info.plist */ = {isa = PBXFileReference; lastKnownFileType = text.plist.xml; path = Info.plist; sourceTree = "<group>"; };
		34F6289C1C485B0D00393412 /* CoreLocation.framework */ = {isa = PBXFileReference; lastKnownFileType = wrapper.framework; name = CoreLocation.framework; path = System/Library/Frameworks/CoreLocation.framework; sourceTree = SDKROOT; };
/* End PBXFileReference section */

/* Begin PBXFrameworksBuildPhase section */
		34F628841C48571500393412 /* Frameworks */ = {
			isa = PBXFrameworksBuildPhase;
			buildActionMask = 2147483647;
			files = (
				34CE95261CE3983E001A35D7 /* CoreGraphics.framework in Frameworks */,
				34CE95241CE39831001A35D7 /* UIKit.framework in Frameworks */,
				34CE95221CE39829001A35D7 /* Foundation.framework in Frameworks */,
				3428D8D21C6CDB5D00697635 /* CoreBluetooth.framework in Frameworks */,
				34F6289D1C485B0E00393412 /* CoreLocation.framework in Frameworks */,
			);
			runOnlyForDeploymentPostprocessing = 0;
		};
/* End PBXFrameworksBuildPhase section */

/* Begin PBXGroup section */
		34F6287E1C48571500393412 = {
			isa = PBXGroup;
			children = (
				34CE95251CE3983E001A35D7 /* CoreGraphics.framework */,
				34CE95231CE39831001A35D7 /* UIKit.framework */,
				34CE95211CE39829001A35D7 /* Foundation.framework */,
				3428D8D11C6CDB5D00697635 /* CoreBluetooth.framework */,
				34F6289C1C485B0D00393412 /* CoreLocation.framework */,
				34F628891C48571500393412 /* Parking Log */,
				34F628881C48571500393412 /* Products */,
			);
			sourceTree = "<group>";
		};
		34F628881C48571500393412 /* Products */ = {
			isa = PBXGroup;
			children = (
				34F628871C48571500393412 /* Parking Log.app */,
			);
			name = Products;
			sourceTree = "<group>";
		};
		34F628891C48571500393412 /* Parking Log */ = {
			isa = PBXGroup;
			children = (
				343991EC1C6CFCBE00BAA72A /* Navigation-30x30.png */,
				343991EA1C6CFAD000BAA72A /* Bookmark-add-32x32.png */,
				343991F01C6D00F000BAA72A /* Help30x30.png */,
				34D3CB361CAC08DF00048325 /* AddList30x30.png */,
				343CD6E21CAC304D007EB023 /* Settings30x30.png */,
				34EF73821CEA323D00417C59 /* bluetooth_logo.png */,
				34F6288A1C48571500393412 /* AppDelegate.swift */,
				34F6288C1C48571500393412 /* MapViewController.swift */,
				344F890B1C4DD6ED0099F7AD /* RecentLocController.swift */,
				343991E61C6CF3C300BAA72A /* BookmarkedController.swift */,
				34DCD50A1C6D25BF00F88E29 /* RenameViewController.swift */,
				34CE95171CE2D156001A35D7 /* SettingsController.swift */,
				34EF73801CE9DA6700417C59 /* LocationAccMultipleChoice.swift */,
				34CE951D1CE397C9001A35D7 /* ItemsViewController.swift */,
				34CE95191CE38A79001A35D7 /* AddItemViewController.swift */,
				34CE951B1CE38CE8001A35D7 /* Item.swift */,
				34CE951F1CE397F7001A35D7 /* ItemCell.swift */,
				34F6288E1C48571500393412 /* Main.storyboard */,
				34F628911C48571500393412 /* Assets.xcassets */,
				34F628931C48571500393412 /* LaunchScreen.storyboard */,
				34F628961C48571500393412 /* Info.plist */,
			);
			path = "Parking Log";
			sourceTree = "<group>";
		};
/* End PBXGroup section */

/* Begin PBXNativeTarget section */
		34F628861C48571500393412 /* Parking Log */ = {
			isa = PBXNativeTarget;
			buildConfigurationList = 34F628991C48571500393412 /* Build configuration list for PBXNativeTarget "Parking Log" */;
			buildPhases = (
				34F628831C48571500393412 /* Sources */,
				34F628841C48571500393412 /* Frameworks */,
				34F628851C48571500393412 /* Resources */,
			);
			buildRules = (
			);
			dependencies = (
			);
			name = "Parking Log";
			productName = "Where Is My Car";
			productReference = 34F628871C48571500393412 /* Parking Log.app */;
			productType = "com.apple.product-type.application";
		};
/* End PBXNativeTarget section */

/* Begin PBXProject section */
		34F6287F1C48571500393412 /* Project object */ = {
			isa = PBXProject;
			attributes = {
				LastSwiftUpdateCheck = 0720;
				LastUpgradeCheck = 0720;
				ORGANIZATIONNAME = "Tingbo Chen";
				TargetAttributes = {
					34F628861C48571500393412 = {
						CreatedOnToolsVersion = 7.2;
						DevelopmentTeam = LJL8G936JS;
					};
				};
			};
			buildConfigurationList = 34F628821C48571500393412 /* Build configuration list for PBXProject "Parking Log" */;
			compatibilityVersion = "Xcode 3.2";
			developmentRegion = English;
			hasScannedForEncodings = 0;
			knownRegions = (
				en,
				Base,
			);
			mainGroup = 34F6287E1C48571500393412;
			productRefGroup = 34F628881C48571500393412 /* Products */;
			projectDirPath = "";
			projectRoot = "";
			targets = (
				34F628861C48571500393412 /* Parking Log */,
			);
		};
/* End PBXProject section */

/* Begin PBXResourcesBuildPhase section */
		34F628851C48571500393412 /* Resources */ = {
			isa = PBXResourcesBuildPhase;
			buildActionMask = 2147483647;
			files = (
				34F628951C48571500393412 /* LaunchScreen.storyboard in Resources */,
				343991F11C6D00F000BAA72A /* Help30x30.png in Resources */,
				343991ED1C6CFCBE00BAA72A /* Navigation-30x30.png in Resources */,
				343CD6E31CAC304D007EB023 /* Settings30x30.png in Resources */,
				34F628921C48571500393412 /* Assets.xcassets in Resources */,
				34EF73831CEA323D00417C59 /* bluetooth_logo.png in Resources */,
				34D3CB371CAC08DF00048325 /* AddList30x30.png in Resources */,
				343991EB1C6CFAD000BAA72A /* Bookmark-add-32x32.png in Resources */,
				34F628901C48571500393412 /* Main.storyboard in Resources */,
			);
			runOnlyForDeploymentPostprocessing = 0;
		};
/* End PBXResourcesBuildPhase section */

/* Begin PBXSourcesBuildPhase section */
		34F628831C48571500393412 /* Sources */ = {
			isa = PBXSourcesBuildPhase;
			buildActionMask = 2147483647;
			files = (
				34CE95181CE2D156001A35D7 /* SettingsController.swift in Sources */,
				34DCD50B1C6D25BF00F88E29 /* RenameViewController.swift in Sources */,
				34EF73811CE9DA6700417C59 /* LocationAccMultipleChoice.swift in Sources */,
				343991E71C6CF3C300BAA72A /* BookmarkedController.swift in Sources */,
				34F6288D1C48571500393412 /* MapViewController.swift in Sources */,
				34CE95201CE397F7001A35D7 /* ItemCell.swift in Sources */,
				34CE951E1CE397C9001A35D7 /* ItemsViewController.swift in Sources */,
				34CE951C1CE38CE8001A35D7 /* Item.swift in Sources */,
				34CE951A1CE38A79001A35D7 /* AddItemViewController.swift in Sources */,
				344F890C1C4DD6ED0099F7AD /* RecentLocController.swift in Sources */,
				34F6288B1C48571500393412 /* AppDelegate.swift in Sources */,
			);
			runOnlyForDeploymentPostprocessing = 0;
		};
/* End PBXSourcesBuildPhase section */

/* Begin PBXVariantGroup section */
		34F6288E1C48571500393412 /* Main.storyboard */ = {
			isa = PBXVariantGroup;
			children = (
				34F6288F1C48571500393412 /* Base */,
			);
			name = Main.storyboard;
			sourceTree = "<group>";
		};
		34F628931C48571500393412 /* LaunchScreen.storyboard */ = {
			isa = PBXVariantGroup;
			children = (
				34F628941C48571500393412 /* Base */,
			);
			name = LaunchScreen.storyboard;
			sourceTree = "<group>";
		};
/* End PBXVariantGroup section */

/* Begin XCBuildConfiguration section */
		34F628971C48571500393412 /* Debug */ = {
			isa = XCBuildConfiguration;
			buildSettings = {
				ALWAYS_SEARCH_USER_PATHS = NO;
				CLANG_CXX_LANGUAGE_STANDARD = "gnu++0x";
				CLANG_CXX_LIBRARY = "libc++";
				CLANG_ENABLE_MODULES = YES;
				CLANG_ENABLE_OBJC_ARC = YES;
				CLANG_WARN_BOOL_CONVERSION = YES;
				CLANG_WARN_CONSTANT_CONVERSION = YES;
				CLANG_WARN_DIRECT_OBJC_ISA_USAGE = YES_ERROR;
				CLANG_WARN_EMPTY_BODY = YES;
				CLANG_WARN_ENUM_CONVERSION = YES;
				CLANG_WARN_INT_CONVERSION = YES;
				CLANG_WARN_OBJC_ROOT_CLASS = YES_ERROR;
				CLANG_WARN_UNREACHABLE_CODE = YES;
				CLANG_WARN__DUPLICATE_METHOD_MATCH = YES;
				"CODE_SIGN_IDENTITY[sdk=iphoneos*]" = "iPhone Developer";
				COPY_PHASE_STRIP = NO;
				DEBUG_INFORMATION_FORMAT = dwarf;
				ENABLE_STRICT_OBJC_MSGSEND = YES;
				ENABLE_TESTABILITY = YES;
				GCC_C_LANGUAGE_STANDARD = gnu99;
				GCC_DYNAMIC_NO_PIC = NO;
				GCC_NO_COMMON_BLOCKS = YES;
				GCC_OPTIMIZATION_LEVEL = 0;
				GCC_PREPROCESSOR_DEFINITIONS = (
					"DEBUG=1",
					"$(inherited)",
				);
				GCC_WARN_64_TO_32_BIT_CONVERSION = YES;
				GCC_WARN_ABOUT_RETURN_TYPE = YES_ERROR;
				GCC_WARN_UNDECLARED_SELECTOR = YES;
				GCC_WARN_UNINITIALIZED_AUTOS = YES_AGGRESSIVE;
				GCC_WARN_UNUSED_FUNCTION = YES;
				GCC_WARN_UNUSED_VARIABLE = YES;
				IPHONEOS_DEPLOYMENT_TARGET = 9.2;
				MTL_ENABLE_DEBUG_INFO = YES;
				ONLY_ACTIVE_ARCH = YES;
				SDKROOT = iphoneos;
				SWIFT_OPTIMIZATION_LEVEL = "-Onone";
			};
			name = Debug;
		};
		34F628981C48571500393412 /* Release */ = {
			isa = XCBuildConfiguration;
			buildSettings = {
				ALWAYS_SEARCH_USER_PATHS = NO;
				CLANG_CXX_LANGUAGE_STANDARD = "gnu++0x";
				CLANG_CXX_LIBRARY = "libc++";
				CLANG_ENABLE_MODULES = YES;
				CLANG_ENABLE_OBJC_ARC = YES;
				CLANG_WARN_BOOL_CONVERSION = YES;
				CLANG_WARN_CONSTANT_CONVERSION = YES;
				CLANG_WARN_DIRECT_OBJC_ISA_USAGE = YES_ERROR;
				CLANG_WARN_EMPTY_BODY = YES;
				CLANG_WARN_ENUM_CONVERSION = YES;
				CLANG_WARN_INT_CONVERSION = YES;
				CLANG_WARN_OBJC_ROOT_CLASS = YES_ERROR;
				CLANG_WARN_UNREACHABLE_CODE = YES;
				CLANG_WARN__DUPLICATE_METHOD_MATCH = YES;
				"CODE_SIGN_IDENTITY[sdk=iphoneos*]" = "iPhone Developer";
				COPY_PHASE_STRIP = NO;
				DEBUG_INFORMATION_FORMAT = "dwarf-with-dsym";
				ENABLE_NS_ASSERTIONS = NO;
				ENABLE_STRICT_OBJC_MSGSEND = YES;
				GCC_C_LANGUAGE_STANDARD = gnu99;
				GCC_NO_COMMON_BLOCKS = YES;
				GCC_WARN_64_TO_32_BIT_CONVERSION = YES;
				GCC_WARN_ABOUT_RETURN_TYPE = YES_ERROR;
				GCC_WARN_UNDECLARED_SELECTOR = YES;
				GCC_WARN_UNINITIALIZED_AUTOS = YES_AGGRESSIVE;
				GCC_WARN_UNUSED_FUNCTION = YES;
				GCC_WARN_UNUSED_VARIABLE = YES;
				IPHONEOS_DEPLOYMENT_TARGET = 9.2;
				MTL_ENABLE_DEBUG_INFO = NO;
				SDKROOT = iphoneos;
				VALIDATE_PRODUCT = YES;
			};
			name = Release;
		};
		34F6289A1C48571500393412 /* Debug */ = {
			isa = XCBuildConfiguration;
			buildSettings = {
				ASSETCATALOG_COMPILER_APPICON_NAME = AppIcon;
				INFOPLIST_FILE = "Parking Log/Info.plist";
				IPHONEOS_DEPLOYMENT_TARGET = 9.3;
				LD_RUNPATH_SEARCH_PATHS = "$(inherited) @executable_path/Frameworks";
				PRODUCT_BUNDLE_IDENTIFIER = "com.tbc.Parking-Log";
				PRODUCT_NAME = "Parking Log";
			};
			name = Debug;
		};
		34F6289B1C48571500393412 /* Release */ = {
			isa = XCBuildConfiguration;
			buildSettings = {
				ASSETCATALOG_COMPILER_APPICON_NAME = AppIcon;
				INFOPLIST_FILE = "Parking Log/Info.plist";
				IPHONEOS_DEPLOYMENT_TARGET = 9.3;
				LD_RUNPATH_SEARCH_PATHS = "$(inherited) @executable_path/Frameworks";
				PRODUCT_BUNDLE_IDENTIFIER = "com.tbc.Parking-Log";
				PRODUCT_NAME = "Parking Log";
			};
			name = Release;
		};
/* End XCBuildConfiguration section */

/* Begin XCConfigurationList section */
		34F628821C48571500393412 /* Build configuration list for PBXProject "Parking Log" */ = {
			isa = XCConfigurationList;
			buildConfigurations = (
				34F628971C48571500393412 /* Debug */,
				34F628981C48571500393412 /* Release */,
			);
			defaultConfigurationIsVisible = 0;
			defaultConfigurationName = Release;
		};
		34F628991C48571500393412 /* Build configuration list for PBXNativeTarget "Parking Log" */ = {
			isa = XCConfigurationList;
			buildConfigurations = (
				34F6289A1C48571500393412 /* Debug */,
				34F6289B1C48571500393412 /* Release */,
			);
			defaultConfigurationIsVisible = 0;
			defaultConfigurationName = Release;
		};
/* End XCConfigurationList section */
	};
	rootObject = 34F6287F1C48571500393412 /* Project object */;
}
