// !$*UTF8*$!
{
	archiveVersion = 1;
	classes = {
	};
	objectVersion = 46;
	objects = {

/* Begin PBXBuildFile section */
		34009D431C7E22CC00BBC60B /* EditProfileMainController.swift in Sources */ = {isa = PBXBuildFile; fileRef = 34009D421C7E22CC00BBC60B /* EditProfileMainController.swift */; };
		3401CC2B1C979BC5006D6A65 /* EditProfileAge.swift in Sources */ = {isa = PBXBuildFile; fileRef = 3401CC2A1C979BC5006D6A65 /* EditProfileAge.swift */; };
		3402C92A1C828496004D281F /* EditProfilePictures.swift in Sources */ = {isa = PBXBuildFile; fileRef = 3402C9291C828496004D281F /* EditProfilePictures.swift */; };
		3402C92C1C829D17004D281F /* placeholder-camera-green.png in Resources */ = {isa = PBXBuildFile; fileRef = 3402C92B1C829D16004D281F /* placeholder-camera-green.png */; };
		3404049F1CB6D1BA003764FE /* MessageViewController.swift in Sources */ = {isa = PBXBuildFile; fileRef = 3404049E1CB6D1BA003764FE /* MessageViewController.swift */; };
		340404A41CB6D38A003764FE /* MessageCell.swift in Sources */ = {isa = PBXBuildFile; fileRef = 340404A31CB6D38A003764FE /* MessageCell.swift */; };
		340404A61CB6D3D5003764FE /* UITableView+Scroll.swift in Sources */ = {isa = PBXBuildFile; fileRef = 340404A51CB6D3D5003764FE /* UITableView+Scroll.swift */; };
		340404A81CB6D5E5003764FE /* camera.png in Resources */ = {isa = PBXBuildFile; fileRef = 340404A71CB6D5E5003764FE /* camera.png */; };
		340404AA1CB6E6FD003764FE /* CDHelper.swift in Sources */ = {isa = PBXBuildFile; fileRef = 340404A91CB6E6FD003764FE /* CDHelper.swift */; };
		3404103D1C95B18C00FC7259 /* hill-background.png in Resources */ = {isa = PBXBuildFile; fileRef = 3404103C1C95B18B00FC7259 /* hill-background.png */; };
		340612031C95362000E126BE /* Magnifier30x30.png in Resources */ = {isa = PBXBuildFile; fileRef = 340612021C95362000E126BE /* Magnifier30x30.png */; };
		340612051C95362800E126BE /* Settings30x30.png in Resources */ = {isa = PBXBuildFile; fileRef = 340612041C95362800E126BE /* Settings30x30.png */; };
		340B2B8B1C989FE30032C656 /* EditProfileTextField.swift in Sources */ = {isa = PBXBuildFile; fileRef = 340B2B8A1C989FE30032C656 /* EditProfileTextField.swift */; };
		341DDDAA1CBBE5C6009D505B /* TableViewFetchedResultsDelegate.swift in Sources */ = {isa = PBXBuildFile; fileRef = 341DDDA91CBBE5C6009D505B /* TableViewFetchedResultsDelegate.swift */; };
		341DDDAC1CBBF23D009D505B /* UIViewController+FillWithView.swift in Sources */ = {isa = PBXBuildFile; fileRef = 341DDDAB1CBBF23D009D505B /* UIViewController+FillWithView.swift */; };
		341DDDB31CBC4962009D505B /* Contact+CoreDataProperties.swift in Sources */ = {isa = PBXBuildFile; fileRef = 341DDDB11CBC4962009D505B /* Contact+CoreDataProperties.swift */; };
		341DDDB41CBC4962009D505B /* Chat+CoreDataProperties.swift in Sources */ = {isa = PBXBuildFile; fileRef = 341DDDB21CBC4962009D505B /* Chat+CoreDataProperties.swift */; };
		341DDDB61CBC4CF8009D505B /* ChatCreationDelegate.swift in Sources */ = {isa = PBXBuildFile; fileRef = 341DDDB51CBC4CF8009D505B /* ChatCreationDelegate.swift */; };
		3431AFFD1C93113300138CAE /* PublicProfileController.swift in Sources */ = {isa = PBXBuildFile; fileRef = 3431AFFC1C93113300138CAE /* PublicProfileController.swift */; };
		344196BF1C7CCB32004195DB /* ProfileTabController.swift in Sources */ = {isa = PBXBuildFile; fileRef = 344196BE1C7CCB32004195DB /* ProfileTabController.swift */; };
		344196C11C7CD081004195DB /* ChatTabController.swift in Sources */ = {isa = PBXBuildFile; fileRef = 344196C01C7CD081004195DB /* ChatTabController.swift */; };
		3446C4D51CBA8EA4007AC330 /* Chat.swift in Sources */ = {isa = PBXBuildFile; fileRef = 3446C4D21CBA8EA4007AC330 /* Chat.swift */; };
		3446C4D81CBA8EF3007AC330 /* Message+CoreDataProperties.swift in Sources */ = {isa = PBXBuildFile; fileRef = 3446C4D71CBA8EF3007AC330 /* Message+CoreDataProperties.swift */; };
		3446C4DB1CBA95F1007AC330 /* ChatCell.swift in Sources */ = {isa = PBXBuildFile; fileRef = 3446C4DA1CBA95F1007AC330 /* ChatCell.swift */; };
		347A6C9C1CB56DEA000A245B /* UIViewController+ActivityInd.swift in Sources */ = {isa = PBXBuildFile; fileRef = 347A6C9B1CB56DEA000A245B /* UIViewController+ActivityInd.swift */; };
		347C4DCA1C80E413009DD861 /* EditProfileMultipleChoice.swift in Sources */ = {isa = PBXBuildFile; fileRef = 347C4DC91C80E413009DD861 /* EditProfileMultipleChoice.swift */; };
		34A711131C96657E00C11A9B /* blacktexture.png in Resources */ = {isa = PBXBuildFile; fileRef = 34A711121C96657E00C11A9B /* blacktexture.png */; };
		34A711181C96696100C11A9B /* AlienFilled30x30green.png in Resources */ = {isa = PBXBuildFile; fileRef = 34A711141C96696100C11A9B /* AlienFilled30x30green.png */; };
		34A711191C96696100C11A9B /* Match30x30orange.png in Resources */ = {isa = PBXBuildFile; fileRef = 34A711151C96696100C11A9B /* Match30x30orange.png */; };
		34A7111A1C96696100C11A9B /* QRcode30x30.png in Resources */ = {isa = PBXBuildFile; fileRef = 34A711161C96696100C11A9B /* QRcode30x30.png */; };
		34A7111B1C96696100C11A9B /* Wrench30x30blue.png in Resources */ = {isa = PBXBuildFile; fileRef = 34A711171C96696100C11A9B /* Wrench30x30blue.png */; };
		34AF0BD31CBAE841005652EA /* Contact.swift in Sources */ = {isa = PBXBuildFile; fileRef = 34AF0BD11CBAE841005652EA /* Contact.swift */; };
		34AF0BD51CBAF483005652EA /* ContactsViewController.swift in Sources */ = {isa = PBXBuildFile; fileRef = 34AF0BD41CBAF483005652EA /* ContactsViewController.swift */; };
		34B3A9F91C83A63B0083B52B /* EditProfileUploadImage.swift in Sources */ = {isa = PBXBuildFile; fileRef = 34B3A9F81C83A63B0083B52B /* EditProfileUploadImage.swift */; };
		34C84F8D1CB9CECF00C3B21F /* Model.xcdatamodeld in Sources */ = {isa = PBXBuildFile; fileRef = 34C84F8B1CB9CECF00C3B21F /* Model.xcdatamodeld */; };
		34C84F911CB9D28000C3B21F /* Message.swift in Sources */ = {isa = PBXBuildFile; fileRef = 34C84F8F1CB9D28000C3B21F /* Message.swift */; };
		34C91B201C7377D500384C49 /* loginFB.png in Resources */ = {isa = PBXBuildFile; fileRef = 34C91B1F1C7377D500384C49 /* loginFB.png */; };
		34C91B261C73A50400384C49 /* Timber_logo.png in Resources */ = {isa = PBXBuildFile; fileRef = 34C91B251C73A50400384C49 /* Timber_logo.png */; };
		34DCB6591C71268C00573704 /* FBSDKCoreKit.framework in Frameworks */ = {isa = PBXBuildFile; fileRef = 34DCB6571C71268C00573704 /* FBSDKCoreKit.framework */; };
		34DCB65A1C71268C00573704 /* FBSDKLoginKit.framework in Frameworks */ = {isa = PBXBuildFile; fileRef = 34DCB6581C71268C00573704 /* FBSDKLoginKit.framework */; };
		34DCB65C1C712C5800573704 /* ParseFacebookUtilsV4.framework in Frameworks */ = {isa = PBXBuildFile; fileRef = 34DCB65B1C712C5800573704 /* ParseFacebookUtilsV4.framework */; };
		81BA814B1A49DA1800E65899 /* AppDelegate.swift in Sources */ = {isa = PBXBuildFile; fileRef = 81BA814A1A49DA1800E65899 /* AppDelegate.swift */; };
		81BA814D1A49DA1800E65899 /* LoginViewController.swift in Sources */ = {isa = PBXBuildFile; fileRef = 81BA814C1A49DA1800E65899 /* LoginViewController.swift */; };
		81BA81501A49DA1800E65899 /* Main.storyboard in Resources */ = {isa = PBXBuildFile; fileRef = 81BA814E1A49DA1800E65899 /* Main.storyboard */; };
		81BA81521A49DA1800E65899 /* Images.xcassets in Resources */ = {isa = PBXBuildFile; fileRef = 81BA81511A49DA1800E65899 /* Images.xcassets */; };
		81BA81701A49DB6800E65899 /* Bolts.framework in Frameworks */ = {isa = PBXBuildFile; fileRef = 81BA816B1A49DB6800E65899 /* Bolts.framework */; };
		81BA81711A49DB6800E65899 /* Parse.framework in Frameworks */ = {isa = PBXBuildFile; fileRef = 81BA816C1A49DB6800E65899 /* Parse.framework */; };
		81BA81721A49DB6800E65899 /* ParseCrashReporting.framework in Frameworks */ = {isa = PBXBuildFile; fileRef = 81BA816D1A49DB6800E65899 /* ParseCrashReporting.framework */; };
		81BA81771A49E0D500E65899 /* libsqlite3.dylib in Frameworks */ = {isa = PBXBuildFile; fileRef = 81BA81761A49E0D500E65899 /* libsqlite3.dylib */; };
		81BA81791A49E0DB00E65899 /* AudioToolbox.framework in Frameworks */ = {isa = PBXBuildFile; fileRef = 81BA81781A49E0DB00E65899 /* AudioToolbox.framework */; };
		81BA817B1A49E0E500E65899 /* SystemConfiguration.framework in Frameworks */ = {isa = PBXBuildFile; fileRef = 81BA817A1A49E0E500E65899 /* SystemConfiguration.framework */; };
		81BA817F1A49E0F000E65899 /* libstdc++.6.dylib in Frameworks */ = {isa = PBXBuildFile; fileRef = 81BA817E1A49E0F000E65899 /* libstdc++.6.dylib */; };
		81BA81811A49E10C00E65899 /* ParseUI.framework in Frameworks */ = {isa = PBXBuildFile; fileRef = 81BA81801A49E10C00E65899 /* ParseUI.framework */; };
/* End PBXBuildFile section */

/* Begin PBXFileReference section */
		34009D421C7E22CC00BBC60B /* EditProfileMainController.swift */ = {isa = PBXFileReference; fileEncoding = 4; lastKnownFileType = sourcecode.swift; path = EditProfileMainController.swift; sourceTree = "<group>"; };
		3401CC2A1C979BC5006D6A65 /* EditProfileAge.swift */ = {isa = PBXFileReference; fileEncoding = 4; lastKnownFileType = sourcecode.swift; path = EditProfileAge.swift; sourceTree = "<group>"; };
		3402C9291C828496004D281F /* EditProfilePictures.swift */ = {isa = PBXFileReference; fileEncoding = 4; lastKnownFileType = sourcecode.swift; path = EditProfilePictures.swift; sourceTree = "<group>"; };
		3402C92B1C829D16004D281F /* placeholder-camera-green.png */ = {isa = PBXFileReference; lastKnownFileType = image.png; path = "placeholder-camera-green.png"; sourceTree = "<group>"; };
		3404049E1CB6D1BA003764FE /* MessageViewController.swift */ = {isa = PBXFileReference; fileEncoding = 4; lastKnownFileType = sourcecode.swift; path = MessageViewController.swift; sourceTree = "<group>"; };
		340404A31CB6D38A003764FE /* MessageCell.swift */ = {isa = PBXFileReference; fileEncoding = 4; lastKnownFileType = sourcecode.swift; path = MessageCell.swift; sourceTree = "<group>"; };
		340404A51CB6D3D5003764FE /* UITableView+Scroll.swift */ = {isa = PBXFileReference; fileEncoding = 4; lastKnownFileType = sourcecode.swift; path = "UITableView+Scroll.swift"; sourceTree = "<group>"; };
		340404A71CB6D5E5003764FE /* camera.png */ = {isa = PBXFileReference; lastKnownFileType = image.png; path = camera.png; sourceTree = "<group>"; };
		340404A91CB6E6FD003764FE /* CDHelper.swift */ = {isa = PBXFileReference; fileEncoding = 4; lastKnownFileType = sourcecode.swift; path = CDHelper.swift; sourceTree = "<group>"; };
		3404103C1C95B18B00FC7259 /* hill-background.png */ = {isa = PBXFileReference; lastKnownFileType = image.png; path = "hill-background.png"; sourceTree = "<group>"; };
		340612021C95362000E126BE /* Magnifier30x30.png */ = {isa = PBXFileReference; lastKnownFileType = image.png; path = Magnifier30x30.png; sourceTree = "<group>"; };
		340612041C95362800E126BE /* Settings30x30.png */ = {isa = PBXFileReference; lastKnownFileType = image.png; path = Settings30x30.png; sourceTree = "<group>"; };
		340B2B8A1C989FE30032C656 /* EditProfileTextField.swift */ = {isa = PBXFileReference; fileEncoding = 4; lastKnownFileType = sourcecode.swift; path = EditProfileTextField.swift; sourceTree = "<group>"; };
		341DDDA91CBBE5C6009D505B /* TableViewFetchedResultsDelegate.swift */ = {isa = PBXFileReference; fileEncoding = 4; lastKnownFileType = sourcecode.swift; path = TableViewFetchedResultsDelegate.swift; sourceTree = "<group>"; };
		341DDDAB1CBBF23D009D505B /* UIViewController+FillWithView.swift */ = {isa = PBXFileReference; fileEncoding = 4; lastKnownFileType = sourcecode.swift; path = "UIViewController+FillWithView.swift"; sourceTree = "<group>"; };
		341DDDB11CBC4962009D505B /* Contact+CoreDataProperties.swift */ = {isa = PBXFileReference; fileEncoding = 4; lastKnownFileType = sourcecode.swift; path = "Contact+CoreDataProperties.swift"; sourceTree = "<group>"; };
		341DDDB21CBC4962009D505B /* Chat+CoreDataProperties.swift */ = {isa = PBXFileReference; fileEncoding = 4; lastKnownFileType = sourcecode.swift; path = "Chat+CoreDataProperties.swift"; sourceTree = "<group>"; };
		341DDDB51CBC4CF8009D505B /* ChatCreationDelegate.swift */ = {isa = PBXFileReference; fileEncoding = 4; lastKnownFileType = sourcecode.swift; path = ChatCreationDelegate.swift; sourceTree = "<group>"; };
		3431AFFC1C93113300138CAE /* PublicProfileController.swift */ = {isa = PBXFileReference; fileEncoding = 4; lastKnownFileType = sourcecode.swift; path = PublicProfileController.swift; sourceTree = "<group>"; };
		344196BE1C7CCB32004195DB /* ProfileTabController.swift */ = {isa = PBXFileReference; fileEncoding = 4; lastKnownFileType = sourcecode.swift; path = ProfileTabController.swift; sourceTree = "<group>"; };
		344196C01C7CD081004195DB /* ChatTabController.swift */ = {isa = PBXFileReference; fileEncoding = 4; lastKnownFileType = sourcecode.swift; path = ChatTabController.swift; sourceTree = "<group>"; };
		3446C4D21CBA8EA4007AC330 /* Chat.swift */ = {isa = PBXFileReference; fileEncoding = 4; lastKnownFileType = sourcecode.swift; path = Chat.swift; sourceTree = "<group>"; };
		3446C4D71CBA8EF3007AC330 /* Message+CoreDataProperties.swift */ = {isa = PBXFileReference; fileEncoding = 4; lastKnownFileType = sourcecode.swift; path = "Message+CoreDataProperties.swift"; sourceTree = "<group>"; };
		3446C4DA1CBA95F1007AC330 /* ChatCell.swift */ = {isa = PBXFileReference; fileEncoding = 4; lastKnownFileType = sourcecode.swift; path = ChatCell.swift; sourceTree = "<group>"; };
		347A6C9B1CB56DEA000A245B /* UIViewController+ActivityInd.swift */ = {isa = PBXFileReference; fileEncoding = 4; lastKnownFileType = sourcecode.swift; path = "UIViewController+ActivityInd.swift"; sourceTree = "<group>"; };
		347C4DC91C80E413009DD861 /* EditProfileMultipleChoice.swift */ = {isa = PBXFileReference; fileEncoding = 4; lastKnownFileType = sourcecode.swift; path = EditProfileMultipleChoice.swift; sourceTree = "<group>"; };
		34A711121C96657E00C11A9B /* blacktexture.png */ = {isa = PBXFileReference; lastKnownFileType = image.png; path = blacktexture.png; sourceTree = "<group>"; };
		34A711141C96696100C11A9B /* AlienFilled30x30green.png */ = {isa = PBXFileReference; lastKnownFileType = image.png; path = AlienFilled30x30green.png; sourceTree = "<group>"; };
		34A711151C96696100C11A9B /* Match30x30orange.png */ = {isa = PBXFileReference; lastKnownFileType = image.png; path = Match30x30orange.png; sourceTree = "<group>"; };
		34A711161C96696100C11A9B /* QRcode30x30.png */ = {isa = PBXFileReference; lastKnownFileType = image.png; path = QRcode30x30.png; sourceTree = "<group>"; };
		34A711171C96696100C11A9B /* Wrench30x30blue.png */ = {isa = PBXFileReference; lastKnownFileType = image.png; path = Wrench30x30blue.png; sourceTree = "<group>"; };
		34AF0BD11CBAE841005652EA /* Contact.swift */ = {isa = PBXFileReference; fileEncoding = 4; lastKnownFileType = sourcecode.swift; path = Contact.swift; sourceTree = "<group>"; };
		34AF0BD41CBAF483005652EA /* ContactsViewController.swift */ = {isa = PBXFileReference; fileEncoding = 4; lastKnownFileType = sourcecode.swift; path = ContactsViewController.swift; sourceTree = "<group>"; };
		34B3A9F81C83A63B0083B52B /* EditProfileUploadImage.swift */ = {isa = PBXFileReference; fileEncoding = 4; lastKnownFileType = sourcecode.swift; path = EditProfileUploadImage.swift; sourceTree = "<group>"; };
		34C84F8C1CB9CECF00C3B21F /* Model.xcdatamodel */ = {isa = PBXFileReference; lastKnownFileType = wrapper.xcdatamodel; path = Model.xcdatamodel; sourceTree = "<group>"; };
		34C84F8F1CB9D28000C3B21F /* Message.swift */ = {isa = PBXFileReference; fileEncoding = 4; lastKnownFileType = sourcecode.swift; path = Message.swift; sourceTree = "<group>"; };
		34C91B1F1C7377D500384C49 /* loginFB.png */ = {isa = PBXFileReference; lastKnownFileType = image.png; path = loginFB.png; sourceTree = SOURCE_ROOT; };
		34C91B251C73A50400384C49 /* Timber_logo.png */ = {isa = PBXFileReference; lastKnownFileType = image.png; path = Timber_logo.png; sourceTree = "<group>"; };
		34DCB6571C71268C00573704 /* FBSDKCoreKit.framework */ = {isa = PBXFileReference; lastKnownFileType = wrapper.framework; name = FBSDKCoreKit.framework; path = ParseStarterProject/FBSDKCoreKit.framework; sourceTree = "<group>"; };
		34DCB6581C71268C00573704 /* FBSDKLoginKit.framework */ = {isa = PBXFileReference; lastKnownFileType = wrapper.framework; name = FBSDKLoginKit.framework; path = ParseStarterProject/FBSDKLoginKit.framework; sourceTree = "<group>"; };
		34DCB65B1C712C5800573704 /* ParseFacebookUtilsV4.framework */ = {isa = PBXFileReference; lastKnownFileType = wrapper.framework; path = ParseFacebookUtilsV4.framework; sourceTree = "<group>"; };
		81BA81451A49DA1800E65899 /* Hello World.app */ = {isa = PBXFileReference; explicitFileType = wrapper.application; includeInIndex = 0; path = "Hello World.app"; sourceTree = BUILT_PRODUCTS_DIR; };
		81BA81491A49DA1800E65899 /* Info.plist */ = {isa = PBXFileReference; lastKnownFileType = text.plist.xml; path = Info.plist; sourceTree = "<group>"; };
		81BA814A1A49DA1800E65899 /* AppDelegate.swift */ = {isa = PBXFileReference; lastKnownFileType = sourcecode.swift; path = AppDelegate.swift; sourceTree = "<group>"; };
		81BA814C1A49DA1800E65899 /* LoginViewController.swift */ = {isa = PBXFileReference; lastKnownFileType = sourcecode.swift; path = LoginViewController.swift; sourceTree = "<group>"; };
		81BA814F1A49DA1800E65899 /* Base */ = {isa = PBXFileReference; lastKnownFileType = file.storyboard; name = Base; path = Base.lproj/Main.storyboard; sourceTree = "<group>"; };
		81BA81511A49DA1800E65899 /* Images.xcassets */ = {isa = PBXFileReference; lastKnownFileType = folder.assetcatalog; path = Images.xcassets; sourceTree = "<group>"; };
		81BA816B1A49DB6800E65899 /* Bolts.framework */ = {isa = PBXFileReference; lastKnownFileType = wrapper.framework; path = Bolts.framework; sourceTree = "<group>"; };
		81BA816C1A49DB6800E65899 /* Parse.framework */ = {isa = PBXFileReference; lastKnownFileType = wrapper.framework; path = Parse.framework; sourceTree = "<group>"; };
		81BA816D1A49DB6800E65899 /* ParseCrashReporting.framework */ = {isa = PBXFileReference; lastKnownFileType = wrapper.framework; path = ParseCrashReporting.framework; sourceTree = "<group>"; };
		81BA81761A49E0D500E65899 /* libsqlite3.dylib */ = {isa = PBXFileReference; lastKnownFileType = "compiled.mach-o.dylib"; name = libsqlite3.dylib; path = usr/lib/libsqlite3.dylib; sourceTree = SDKROOT; };
		81BA81781A49E0DB00E65899 /* AudioToolbox.framework */ = {isa = PBXFileReference; lastKnownFileType = wrapper.framework; name = AudioToolbox.framework; path = System/Library/Frameworks/AudioToolbox.framework; sourceTree = SDKROOT; };
		81BA817A1A49E0E500E65899 /* SystemConfiguration.framework */ = {isa = PBXFileReference; lastKnownFileType = wrapper.framework; name = SystemConfiguration.framework; path = System/Library/Frameworks/SystemConfiguration.framework; sourceTree = SDKROOT; };
		81BA817E1A49E0F000E65899 /* libstdc++.6.dylib */ = {isa = PBXFileReference; lastKnownFileType = "compiled.mach-o.dylib"; name = "libstdc++.6.dylib"; path = "usr/lib/libstdc++.6.dylib"; sourceTree = SDKROOT; };
		81BA81801A49E10C00E65899 /* ParseUI.framework */ = {isa = PBXFileReference; lastKnownFileType = wrapper.framework; path = ParseUI.framework; sourceTree = "<group>"; };
		81BA81821A49E27F00E65899 /* ParseStarterProject-Bridging-Header.h */ = {isa = PBXFileReference; fileEncoding = 4; lastKnownFileType = sourcecode.c.h; path = "ParseStarterProject-Bridging-Header.h"; sourceTree = "<group>"; };
/* End PBXFileReference section */

/* Begin PBXFrameworksBuildPhase section */
		81BA81421A49DA1800E65899 /* Frameworks */ = {
			isa = PBXFrameworksBuildPhase;
			buildActionMask = 2147483647;
			files = (
				81BA817F1A49E0F000E65899 /* libstdc++.6.dylib in Frameworks */,
				81BA817B1A49E0E500E65899 /* SystemConfiguration.framework in Frameworks */,
				34DCB65C1C712C5800573704 /* ParseFacebookUtilsV4.framework in Frameworks */,
				81BA81791A49E0DB00E65899 /* AudioToolbox.framework in Frameworks */,
				81BA81771A49E0D500E65899 /* libsqlite3.dylib in Frameworks */,
				81BA81711A49DB6800E65899 /* Parse.framework in Frameworks */,
				34DCB6591C71268C00573704 /* FBSDKCoreKit.framework in Frameworks */,
				81BA81721A49DB6800E65899 /* ParseCrashReporting.framework in Frameworks */,
				34DCB65A1C71268C00573704 /* FBSDKLoginKit.framework in Frameworks */,
				81BA81811A49E10C00E65899 /* ParseUI.framework in Frameworks */,
				81BA81701A49DB6800E65899 /* Bolts.framework in Frameworks */,
			);
			runOnlyForDeploymentPostprocessing = 0;
		};
/* End PBXFrameworksBuildPhase section */

/* Begin PBXGroup section */
		340404A01CB6D21E003764FE /* Chatting Controllers */ = {
			isa = PBXGroup;
			children = (
				34AF0BD41CBAF483005652EA /* ContactsViewController.swift */,
				34AF0BD11CBAE841005652EA /* Contact.swift */,
				341DDDB11CBC4962009D505B /* Contact+CoreDataProperties.swift */,
				344196C01C7CD081004195DB /* ChatTabController.swift */,
				3446C4DA1CBA95F1007AC330 /* ChatCell.swift */,
				3446C4D21CBA8EA4007AC330 /* Chat.swift */,
				341DDDB21CBC4962009D505B /* Chat+CoreDataProperties.swift */,
				3404049E1CB6D1BA003764FE /* MessageViewController.swift */,
				340404A31CB6D38A003764FE /* MessageCell.swift */,
				34C84F8F1CB9D28000C3B21F /* Message.swift */,
				3446C4D71CBA8EF3007AC330 /* Message+CoreDataProperties.swift */,
			);
			name = "Chatting Controllers";
			sourceTree = "<group>";
		};
		3431AFFA1C93094A00138CAE /* Images */ = {
			isa = PBXGroup;
			children = (
				340404A71CB6D5E5003764FE /* camera.png */,
				34A711121C96657E00C11A9B /* blacktexture.png */,
				3404103C1C95B18B00FC7259 /* hill-background.png */,
				34C91B1F1C7377D500384C49 /* loginFB.png */,
				3402C92B1C829D16004D281F /* placeholder-camera-green.png */,
				34C91B251C73A50400384C49 /* Timber_logo.png */,
				340612021C95362000E126BE /* Magnifier30x30.png */,
				340612041C95362800E126BE /* Settings30x30.png */,
				34A711141C96696100C11A9B /* AlienFilled30x30green.png */,
				34A711151C96696100C11A9B /* Match30x30orange.png */,
				34A711161C96696100C11A9B /* QRcode30x30.png */,
				34A711171C96696100C11A9B /* Wrench30x30blue.png */,
			);
			name = Images;
			sourceTree = "<group>";
		};
		3431AFFB1C9309BD00138CAE /* Edit Profile */ = {
			isa = PBXGroup;
			children = (
				34009D421C7E22CC00BBC60B /* EditProfileMainController.swift */,
				3401CC2A1C979BC5006D6A65 /* EditProfileAge.swift */,
				347C4DC91C80E413009DD861 /* EditProfileMultipleChoice.swift */,
				340B2B8A1C989FE30032C656 /* EditProfileTextField.swift */,
				3402C9291C828496004D281F /* EditProfilePictures.swift */,
				34B3A9F81C83A63B0083B52B /* EditProfileUploadImage.swift */,
			);
			name = "Edit Profile";
			sourceTree = "<group>";
		};
		347A6C981CB567F0000A245B /* Addons and Extensions */ = {
			isa = PBXGroup;
			children = (
				347A6C9B1CB56DEA000A245B /* UIViewController+ActivityInd.swift */,
				341DDDAB1CBBF23D009D505B /* UIViewController+FillWithView.swift */,
				340404A51CB6D3D5003764FE /* UITableView+Scroll.swift */,
				341DDDA91CBBE5C6009D505B /* TableViewFetchedResultsDelegate.swift */,
				341DDDB51CBC4CF8009D505B /* ChatCreationDelegate.swift */,
				340404A91CB6E6FD003764FE /* CDHelper.swift */,
			);
			name = "Addons and Extensions";
			sourceTree = "<group>";
		};
		81BA813C1A49DA1800E65899 = {
			isa = PBXGroup;
			children = (
				81BA81471A49DA1800E65899 /* ParseStarterProject */,
				81BA816A1A49DB5600E65899 /* Frameworks */,
				81BA81461A49DA1800E65899 /* Products */,
			);
			sourceTree = "<group>";
		};
		81BA81461A49DA1800E65899 /* Products */ = {
			isa = PBXGroup;
			children = (
				81BA81451A49DA1800E65899 /* Hello World.app */,
			);
			name = Products;
			sourceTree = "<group>";
		};
		81BA81471A49DA1800E65899 /* ParseStarterProject */ = {
			isa = PBXGroup;
			children = (
				81BA814A1A49DA1800E65899 /* AppDelegate.swift */,
				347A6C981CB567F0000A245B /* Addons and Extensions */,
				3431AFFA1C93094A00138CAE /* Images */,
				3431AFFB1C9309BD00138CAE /* Edit Profile */,
				340404A01CB6D21E003764FE /* Chatting Controllers */,
				81BA814C1A49DA1800E65899 /* LoginViewController.swift */,
				344196BE1C7CCB32004195DB /* ProfileTabController.swift */,
				3431AFFC1C93113300138CAE /* PublicProfileController.swift */,
				34C84F8B1CB9CECF00C3B21F /* Model.xcdatamodeld */,
				81BA814E1A49DA1800E65899 /* Main.storyboard */,
				81BA81511A49DA1800E65899 /* Images.xcassets */,
				81BA81481A49DA1800E65899 /* Supporting Files */,
			);
			path = ParseStarterProject;
			sourceTree = "<group>";
		};
		81BA81481A49DA1800E65899 /* Supporting Files */ = {
			isa = PBXGroup;
			children = (
				81BA81491A49DA1800E65899 /* Info.plist */,
				81BA81821A49E27F00E65899 /* ParseStarterProject-Bridging-Header.h */,
			);
			name = "Supporting Files";
			sourceTree = "<group>";
		};
		81BA816A1A49DB5600E65899 /* Frameworks */ = {
			isa = PBXGroup;
			children = (
				34DCB65B1C712C5800573704 /* ParseFacebookUtilsV4.framework */,
				34DCB6571C71268C00573704 /* FBSDKCoreKit.framework */,
				34DCB6581C71268C00573704 /* FBSDKLoginKit.framework */,
				81BA816B1A49DB6800E65899 /* Bolts.framework */,
				81BA816C1A49DB6800E65899 /* Parse.framework */,
				81BA816D1A49DB6800E65899 /* ParseCrashReporting.framework */,
				81BA81801A49E10C00E65899 /* ParseUI.framework */,
				81BA81751A49E0C500E65899 /* System Frameworks */,
			);
			name = Frameworks;
			sourceTree = "<group>";
		};
		81BA81751A49E0C500E65899 /* System Frameworks */ = {
			isa = PBXGroup;
			children = (
				81BA817E1A49E0F000E65899 /* libstdc++.6.dylib */,
				81BA817A1A49E0E500E65899 /* SystemConfiguration.framework */,
				81BA81781A49E0DB00E65899 /* AudioToolbox.framework */,
				81BA81761A49E0D500E65899 /* libsqlite3.dylib */,
			);
			name = "System Frameworks";
			sourceTree = "<group>";
		};
/* End PBXGroup section */

/* Begin PBXNativeTarget section */
		81BA81441A49DA1800E65899 /* Hello World */ = {
			isa = PBXNativeTarget;
			buildConfigurationList = 81BA81641A49DA1800E65899 /* Build configuration list for PBXNativeTarget "Hello World" */;
			buildPhases = (
				81BA81411A49DA1800E65899 /* Sources */,
				81BA81421A49DA1800E65899 /* Frameworks */,
				81BA81431A49DA1800E65899 /* Resources */,
				81CC85E11A49F6D40076DE19 /* Upload Symbol Files */,
			);
			buildRules = (
			);
			dependencies = (
			);
			name = "Hello World";
			productName = ParseStarterProject;
			productReference = 81BA81451A49DA1800E65899 /* Hello World.app */;
			productType = "com.apple.product-type.application";
		};
/* End PBXNativeTarget section */

/* Begin PBXProject section */
		81BA813D1A49DA1800E65899 /* Project object */ = {
			isa = PBXProject;
			attributes = {
				LastSwiftUpdateCheck = 0700;
				LastUpgradeCheck = 0700;
				ORGANIZATIONNAME = Parse;
				TargetAttributes = {
					81BA81441A49DA1800E65899 = {
						CreatedOnToolsVersion = 6.1.1;
						DevelopmentTeam = LJL8G936JS;
					};
				};
			};
			buildConfigurationList = 81BA81401A49DA1800E65899 /* Build configuration list for PBXProject "Hello World" */;
			compatibilityVersion = "Xcode 3.2";
			developmentRegion = English;
			hasScannedForEncodings = 0;
			knownRegions = (
				en,
				Base,
			);
			mainGroup = 81BA813C1A49DA1800E65899;
			productRefGroup = 81BA81461A49DA1800E65899 /* Products */;
			projectDirPath = "";
			projectRoot = "";
			targets = (
				81BA81441A49DA1800E65899 /* Hello World */,
			);
		};
/* End PBXProject section */

/* Begin PBXResourcesBuildPhase section */
		81BA81431A49DA1800E65899 /* Resources */ = {
			isa = PBXResourcesBuildPhase;
			buildActionMask = 2147483647;
			files = (
				340612051C95362800E126BE /* Settings30x30.png in Resources */,
				34C91B261C73A50400384C49 /* Timber_logo.png in Resources */,
				34A7111B1C96696100C11A9B /* Wrench30x30blue.png in Resources */,
				34A7111A1C96696100C11A9B /* QRcode30x30.png in Resources */,
				34A711131C96657E00C11A9B /* blacktexture.png in Resources */,
				81BA81501A49DA1800E65899 /* Main.storyboard in Resources */,
				34A711181C96696100C11A9B /* AlienFilled30x30green.png in Resources */,
				34C91B201C7377D500384C49 /* loginFB.png in Resources */,
				340404A81CB6D5E5003764FE /* camera.png in Resources */,
				3402C92C1C829D17004D281F /* placeholder-camera-green.png in Resources */,
				81BA81521A49DA1800E65899 /* Images.xcassets in Resources */,
				34A711191C96696100C11A9B /* Match30x30orange.png in Resources */,
				340612031C95362000E126BE /* Magnifier30x30.png in Resources */,
				3404103D1C95B18C00FC7259 /* hill-background.png in Resources */,
			);
			runOnlyForDeploymentPostprocessing = 0;
		};
/* End PBXResourcesBuildPhase section */

/* Begin PBXShellScriptBuildPhase section */
		81CC85E11A49F6D40076DE19 /* Upload Symbol Files */ = {
			isa = PBXShellScriptBuildPhase;
			buildActionMask = 2147483647;
			files = (
			);
			inputPaths = (
			);
			name = "Upload Symbol Files";
			outputPaths = (
			);
			runOnlyForDeploymentPostprocessing = 0;
			shellPath = /bin/sh;
			shellScript = "# This script will upload symbol files for your application,\n# so all your crash reports are going to be symbolicated\n\n# Important!\n# Before using the script, please initialize CloudCode folder and replace <path_to_cloudcode_folder> with the path to it\n#\n# Read more on Parse.com - https://parse.com/apps/quickstart#analytics/crashreporting/ios/\n############################################################\n\n\n# export PATH=/usr/local/bin:$PATH\n# cd <path_to_cloudcode_folder>\n\n# parse symbols -p \"${DWARF_DSYM_FOLDER_PATH}/${DWARF_DSYM_FILE_NAME}\"\n";
		};
/* End PBXShellScriptBuildPhase section */

/* Begin PBXSourcesBuildPhase section */
		81BA81411A49DA1800E65899 /* Sources */ = {
			isa = PBXSourcesBuildPhase;
			buildActionMask = 2147483647;
			files = (
				347C4DCA1C80E413009DD861 /* EditProfileMultipleChoice.swift in Sources */,
				3404049F1CB6D1BA003764FE /* MessageViewController.swift in Sources */,
				81BA814D1A49DA1800E65899 /* LoginViewController.swift in Sources */,
				344196C11C7CD081004195DB /* ChatTabController.swift in Sources */,
				3401CC2B1C979BC5006D6A65 /* EditProfileAge.swift in Sources */,
				341DDDB61CBC4CF8009D505B /* ChatCreationDelegate.swift in Sources */,
				341DDDAA1CBBE5C6009D505B /* TableViewFetchedResultsDelegate.swift in Sources */,
				34C84F8D1CB9CECF00C3B21F /* Model.xcdatamodeld in Sources */,
				3431AFFD1C93113300138CAE /* PublicProfileController.swift in Sources */,
				34C84F911CB9D28000C3B21F /* Message.swift in Sources */,
				341DDDAC1CBBF23D009D505B /* UIViewController+FillWithView.swift in Sources */,
				347A6C9C1CB56DEA000A245B /* UIViewController+ActivityInd.swift in Sources */,
				340404AA1CB6E6FD003764FE /* CDHelper.swift in Sources */,
				34AF0BD31CBAE841005652EA /* Contact.swift in Sources */,
				3446C4D81CBA8EF3007AC330 /* Message+CoreDataProperties.swift in Sources */,
				340B2B8B1C989FE30032C656 /* EditProfileTextField.swift in Sources */,
				3446C4DB1CBA95F1007AC330 /* ChatCell.swift in Sources */,
				344196BF1C7CCB32004195DB /* ProfileTabController.swift in Sources */,
				3402C92A1C828496004D281F /* EditProfilePictures.swift in Sources */,
				341DDDB41CBC4962009D505B /* Chat+CoreDataProperties.swift in Sources */,
				34009D431C7E22CC00BBC60B /* EditProfileMainController.swift in Sources */,
				340404A41CB6D38A003764FE /* MessageCell.swift in Sources */,
				341DDDB31CBC4962009D505B /* Contact+CoreDataProperties.swift in Sources */,
				3446C4D51CBA8EA4007AC330 /* Chat.swift in Sources */,
				34B3A9F91C83A63B0083B52B /* EditProfileUploadImage.swift in Sources */,
				81BA814B1A49DA1800E65899 /* AppDelegate.swift in Sources */,
				340404A61CB6D3D5003764FE /* UITableView+Scroll.swift in Sources */,
				34AF0BD51CBAF483005652EA /* ContactsViewController.swift in Sources */,
			);
			runOnlyForDeploymentPostprocessing = 0;
		};
/* End PBXSourcesBuildPhase section */

/* Begin PBXVariantGroup section */
		81BA814E1A49DA1800E65899 /* Main.storyboard */ = {
			isa = PBXVariantGroup;
			children = (
				81BA814F1A49DA1800E65899 /* Base */,
			);
			name = Main.storyboard;
			sourceTree = "<group>";
		};
/* End PBXVariantGroup section */

/* Begin XCBuildConfiguration section */
		81BA81621A49DA1800E65899 /* Debug */ = {
			isa = XCBuildConfiguration;
			buildSettings = {
				ALWAYS_SEARCH_USER_PATHS = NO;
				CLANG_CXX_LANGUAGE_STANDARD = "gnu++0x";
				CLANG_CXX_LIBRARY = "libc++";
				CLANG_ENABLE_MODULES = YES;
				CLANG_ENABLE_OBJC_ARC = YES;
				CLANG_WARN_BOOL_CONVERSION = YES;
				CLANG_WARN_CONSTANT_CONVERSION = YES;
				CLANG_WARN_DIRECT_OBJC_ISA_USAGE = YES_ERROR;
				CLANG_WARN_EMPTY_BODY = YES;
				CLANG_WARN_ENUM_CONVERSION = YES;
				CLANG_WARN_INT_CONVERSION = YES;
				CLANG_WARN_OBJC_ROOT_CLASS = YES_ERROR;
				CLANG_WARN_UNREACHABLE_CODE = YES;
				CLANG_WARN__DUPLICATE_METHOD_MATCH = YES;
				"CODE_SIGN_IDENTITY[sdk=iphoneos*]" = "iPhone Developer";
				COPY_PHASE_STRIP = NO;
				ENABLE_STRICT_OBJC_MSGSEND = YES;
				ENABLE_TESTABILITY = YES;
				GCC_C_LANGUAGE_STANDARD = gnu99;
				GCC_DYNAMIC_NO_PIC = NO;
				GCC_OPTIMIZATION_LEVEL = 0;
				GCC_PREPROCESSOR_DEFINITIONS = (
					"DEBUG=1",
					"$(inherited)",
				);
				GCC_SYMBOLS_PRIVATE_EXTERN = NO;
				GCC_WARN_64_TO_32_BIT_CONVERSION = YES;
				GCC_WARN_ABOUT_RETURN_TYPE = YES_ERROR;
				GCC_WARN_UNDECLARED_SELECTOR = YES;
				GCC_WARN_UNINITIALIZED_AUTOS = YES_AGGRESSIVE;
				GCC_WARN_UNUSED_FUNCTION = YES;
				GCC_WARN_UNUSED_VARIABLE = YES;
				IPHONEOS_DEPLOYMENT_TARGET = 8.0;
				MTL_ENABLE_DEBUG_INFO = YES;
				ONLY_ACTIVE_ARCH = YES;
				SDKROOT = iphoneos;
				SWIFT_OPTIMIZATION_LEVEL = "-Onone";
				TARGETED_DEVICE_FAMILY = "1,2";
			};
			name = Debug;
		};
		81BA81631A49DA1800E65899 /* Release */ = {
			isa = XCBuildConfiguration;
			buildSettings = {
				ALWAYS_SEARCH_USER_PATHS = NO;
				CLANG_CXX_LANGUAGE_STANDARD = "gnu++0x";
				CLANG_CXX_LIBRARY = "libc++";
				CLANG_ENABLE_MODULES = YES;
				CLANG_ENABLE_OBJC_ARC = YES;
				CLANG_WARN_BOOL_CONVERSION = YES;
				CLANG_WARN_CONSTANT_CONVERSION = YES;
				CLANG_WARN_DIRECT_OBJC_ISA_USAGE = YES_ERROR;
				CLANG_WARN_EMPTY_BODY = YES;
				CLANG_WARN_ENUM_CONVERSION = YES;
				CLANG_WARN_INT_CONVERSION = YES;
				CLANG_WARN_OBJC_ROOT_CLASS = YES_ERROR;
				CLANG_WARN_UNREACHABLE_CODE = YES;
				CLANG_WARN__DUPLICATE_METHOD_MATCH = YES;
				"CODE_SIGN_IDENTITY[sdk=iphoneos*]" = "iPhone Developer";
				COPY_PHASE_STRIP = YES;
				ENABLE_NS_ASSERTIONS = NO;
				ENABLE_STRICT_OBJC_MSGSEND = YES;
				GCC_C_LANGUAGE_STANDARD = gnu99;
				GCC_WARN_64_TO_32_BIT_CONVERSION = YES;
				GCC_WARN_ABOUT_RETURN_TYPE = YES_ERROR;
				GCC_WARN_UNDECLARED_SELECTOR = YES;
				GCC_WARN_UNINITIALIZED_AUTOS = YES_AGGRESSIVE;
				GCC_WARN_UNUSED_FUNCTION = YES;
				GCC_WARN_UNUSED_VARIABLE = YES;
				IPHONEOS_DEPLOYMENT_TARGET = 8.0;
				MTL_ENABLE_DEBUG_INFO = NO;
				SDKROOT = iphoneos;
				TARGETED_DEVICE_FAMILY = "1,2";
				VALIDATE_PRODUCT = YES;
			};
			name = Release;
		};
		81BA81651A49DA1800E65899 /* Debug */ = {
			isa = XCBuildConfiguration;
			buildSettings = {
				ASSETCATALOG_COMPILER_APPICON_NAME = AppIcon;
				ASSETCATALOG_COMPILER_LAUNCHIMAGE_NAME = LaunchImage;
				CODE_SIGN_IDENTITY = "iPhone Developer";
				"CODE_SIGN_IDENTITY[sdk=iphoneos*]" = "iPhone Developer";
				ENABLE_BITCODE = NO;
				FRAMEWORK_SEARCH_PATHS = (
					"$(inherited)",
					"$(PROJECT_DIR)",
					"$(PROJECT_DIR)/ParseStarterProject",
					"/Users/tingbochen/Documents/'My SDKs'/FacebookSDKs-IOS",
				);
				INFOPLIST_FILE = ParseStarterProject/Info.plist;
				IPHONEOS_DEPLOYMENT_TARGET = 9.0;
				LD_RUNPATH_SEARCH_PATHS = "$(inherited) @executable_path/Frameworks";
				PRODUCT_BUNDLE_IDENTIFIER = com.motm.appdem;
				PRODUCT_NAME = "Hello World";
				PROVISIONING_PROFILE = "";
				SWIFT_OBJC_BRIDGING_HEADER = "ParseStarterProject/ParseStarterProject-Bridging-Header.h";
				TARGETED_DEVICE_FAMILY = "1,2";
			};
			name = Debug;
		};
		81BA81661A49DA1800E65899 /* Release */ = {
			isa = XCBuildConfiguration;
			buildSettings = {
				ASSETCATALOG_COMPILER_APPICON_NAME = AppIcon;
				ASSETCATALOG_COMPILER_LAUNCHIMAGE_NAME = LaunchImage;
				CODE_SIGN_IDENTITY = "iPhone Developer";
				"CODE_SIGN_IDENTITY[sdk=iphoneos*]" = "iPhone Developer";
				ENABLE_BITCODE = NO;
				FRAMEWORK_SEARCH_PATHS = (
					"$(inherited)",
					"$(PROJECT_DIR)",
					"$(PROJECT_DIR)/ParseStarterProject",
					"/Users/tingbochen/Documents/'My SDKs'/FacebookSDKs-IOS",
				);
				INFOPLIST_FILE = ParseStarterProject/Info.plist;
				IPHONEOS_DEPLOYMENT_TARGET = 9.0;
				LD_RUNPATH_SEARCH_PATHS = "$(inherited) @executable_path/Frameworks";
				PRODUCT_BUNDLE_IDENTIFIER = com.motm.appdem;
				PRODUCT_NAME = "Hello World";
				PROVISIONING_PROFILE = "";
				SWIFT_OBJC_BRIDGING_HEADER = "ParseStarterProject/ParseStarterProject-Bridging-Header.h";
				TARGETED_DEVICE_FAMILY = "1,2";
			};
			name = Release;
		};
/* End XCBuildConfiguration section */

/* Begin XCConfigurationList section */
		81BA81401A49DA1800E65899 /* Build configuration list for PBXProject "Hello World" */ = {
			isa = XCConfigurationList;
			buildConfigurations = (
				81BA81621A49DA1800E65899 /* Debug */,
				81BA81631A49DA1800E65899 /* Release */,
			);
			defaultConfigurationIsVisible = 0;
			defaultConfigurationName = Release;
		};
		81BA81641A49DA1800E65899 /* Build configuration list for PBXNativeTarget "Hello World" */ = {
			isa = XCConfigurationList;
			buildConfigurations = (
				81BA81651A49DA1800E65899 /* Debug */,
				81BA81661A49DA1800E65899 /* Release */,
			);
			defaultConfigurationIsVisible = 0;
			defaultConfigurationName = Release;
		};
/* End XCConfigurationList section */

/* Begin XCVersionGroup section */
		34C84F8B1CB9CECF00C3B21F /* Model.xcdatamodeld */ = {
			isa = XCVersionGroup;
			children = (
				34C84F8C1CB9CECF00C3B21F /* Model.xcdatamodel */,
			);
			currentVersion = 34C84F8C1CB9CECF00C3B21F /* Model.xcdatamodel */;
			path = Model.xcdatamodeld;
			sourceTree = "<group>";
			versionGroupType = wrapper.xcdatamodel;
		};
/* End XCVersionGroup section */
	};
	rootObject = 81BA813D1A49DA1800E65899 /* Project object */;
}
